
Microsoft Visual Studio Solution File, Format Version 12.00
# Visual Studio Version 17
VisualStudioVersion = 17.5.002.0
MinimumVisualStudioVersion = 10.0.40219.1
Project("{FAE04EC0-301F-11D3-BF4B-00C04F79EFBC}") = "Leetcode", "Leetcode\Leetcode.csproj", "{2D18968A-B71E-4349-B31B-7D414A6E4674}"
EndProject
Project("{FAE04EC0-301F-11D3-BF4B-00C04F79EFBC}") = "Leetcode.Tests", "Leetcode.Tests\Leetcode.Tests.csproj", "{C3A868E2-DF78-4EDF-B4ED-A30747C0A1D1}"
EndProject
Global
	GlobalSection(SolutionConfigurationPlatforms) = preSolution
		Debug|Any CPU = Debug|Any CPU
		Release|Any CPU = Release|Any CPU
	EndGlobalSection
	GlobalSection(ProjectConfigurationPlatforms) = postSolution
		{7F7F460C-1DE7-4551-BB1A-9A9D9F1A7E60}.Debug|Any CPU.ActiveCfg = Debug|Any CPU
		{7F7F460C-1DE7-4551-BB1A-9A9D9F1A7E60}.Debug|Any CPU.Build.0 = Debug|Any CPU
		{7F7F460C-1DE7-4551-BB1A-9A9D9F1A7E60}.Release|Any CPU.ActiveCfg = Release|Any CPU
		{7F7F460C-1DE7-4551-BB1A-9A9D9F1A7E60}.Release|Any CPU.Build.0 = Release|Any CPU
		{2D18968A-B71E-4349-B31B-7D414A6E4674}.Debug|Any CPU.ActiveCfg = Debug|Any CPU
		{2D18968A-B71E-4349-B31B-7D414A6E4674}.Debug|Any CPU.Build.0 = Debug|Any CPU
		{2D18968A-B71E-4349-B31B-7D414A6E4674}.Release|Any CPU.ActiveCfg = Release|Any CPU
		{2D18968A-B71E-4349-B31B-7D414A6E4674}.Release|Any CPU.Build.0 = Release|Any CPU
		{C3A868E2-DF78-4EDF-B4ED-A30747C0A1D1}.Debug|Any CPU.ActiveCfg = Debug|Any CPU
		{C3A868E2-DF78-4EDF-B4ED-A30747C0A1D1}.Debug|Any CPU.Build.0 = Debug|Any CPU
		{C3A868E2-DF78-4EDF-B4ED-A30747C0A1D1}.Release|Any CPU.ActiveCfg = Release|Any CPU
		{C3A868E2-DF78-4EDF-B4ED-A30747C0A1D1}.Release|Any CPU.Build.0 = Release|Any CPU
	EndGlobalSection
	GlobalSection(SolutionProperties) = preSolution
		HideSolutionNode = FALSE
	EndGlobalSection
	GlobalSection(ExtensibilityGlobals) = postSolution
		SolutionGuid = {6ADAE10F-83D2-4C57-9174-15457648EEE7}
	EndGlobalSection
EndGlobal
